
Microsoft Visual Studio Solution File, Format Version 12.00
# Visual Studio Version 16
VisualStudioVersion = 16.0.31515.178
MinimumVisualStudioVersion = 10.0.40219.1
Project("{FAE04EC0-301F-11D3-BF4B-00C04F79EFBC}") = "ReservationProject", "ReservationProject\ReservationProject.csproj", "{47CE6DAD-8BFE-4221-B237-96E777859A38}"
EndProject
Global
	GlobalSection(SolutionConfigurationPlatforms) = preSolution
		Debug|Any CPU = Debug|Any CPU
		Release|Any CPU = Release|Any CPU
	EndGlobalSection
	GlobalSection(ProjectConfigurationPlatforms) = postSolution
		{47CE6DAD-8BFE-4221-B237-96E777859A38}.Debug|Any CPU.ActiveCfg = Debug|Any CPU
		{47CE6DAD-8BFE-4221-B237-96E777859A38}.Debug|Any CPU.Build.0 = Debug|Any CPU
		{47CE6DAD-8BFE-4221-B237-96E777859A38}.Release|Any CPU.ActiveCfg = Release|Any CPU
		{47CE6DAD-8BFE-4221-B237-96E777859A38}.Release|Any CPU.Build.0 = Release|Any CPU
	EndGlobalSection
	GlobalSection(SolutionProperties) = preSolution
		HideSolutionNode = FALSE
	EndGlobalSection
	GlobalSection(ExtensibilityGlobals) = postSolution
		SolutionGuid = {BDFFDD2F-C795-4016-9828-76E82F65E6DC}
	EndGlobalSection
EndGlobal
